// !$*UTF8*$!
{
	archiveVersion = 1;
	classes = {
	};
	objectVersion = 56;
	objects = {

/* Begin PBXBuildFile section */
		7FE0212428F61C01001A6315 /* AppDelegate.swift in Sources */ = {isa = PBXBuildFile; fileRef = 7FE0212328F61C01001A6315 /* AppDelegate.swift */; };
		7FE0212628F61C01001A6315 /* SceneDelegate.swift in Sources */ = {isa = PBXBuildFile; fileRef = 7FE0212528F61C01001A6315 /* SceneDelegate.swift */; };
		7FE0212B28F61C01001A6315 /* Main.storyboard in Resources */ = {isa = PBXBuildFile; fileRef = 7FE0212928F61C01001A6315 /* Main.storyboard */; };
		7FE0212D28F61C02001A6315 /* Assets.xcassets in Resources */ = {isa = PBXBuildFile; fileRef = 7FE0212C28F61C02001A6315 /* Assets.xcassets */; };
		7FE0213028F61C02001A6315 /* LaunchScreen.storyboard in Resources */ = {isa = PBXBuildFile; fileRef = 7FE0212E28F61C02001A6315 /* LaunchScreen.storyboard */; };
		7FE0213B28F61C02001A6315 /* DirectoryAppWithMVVMTests.swift in Sources */ = {isa = PBXBuildFile; fileRef = 7FE0213A28F61C02001A6315 /* DirectoryAppWithMVVMTests.swift */; };
		7FE0214528F61C02001A6315 /* DirectoryAppWithMVVMUITests.swift in Sources */ = {isa = PBXBuildFile; fileRef = 7FE0214428F61C02001A6315 /* DirectoryAppWithMVVMUITests.swift */; };
		7FE0214728F61C02001A6315 /* DirectoryAppWithMVVMUITestsLaunchTests.swift in Sources */ = {isa = PBXBuildFile; fileRef = 7FE0214628F61C02001A6315 /* DirectoryAppWithMVVMUITestsLaunchTests.swift */; };
		7FE0215828F61CA8001A6315 /* NetworkManager.swift in Sources */ = {isa = PBXBuildFile; fileRef = 7FE0215728F61CA8001A6315 /* NetworkManager.swift */; };
		7FE0215A28F61CED001A6315 /* ImageCache.swift in Sources */ = {isa = PBXBuildFile; fileRef = 7FE0215928F61CED001A6315 /* ImageCache.swift */; };
		7FE0215C28F61D04001A6315 /* Session.swift in Sources */ = {isa = PBXBuildFile; fileRef = 7FE0215B28F61D04001A6315 /* Session.swift */; };
		7FE0215E28F61D1E001A6315 /* NetworkError.swift in Sources */ = {isa = PBXBuildFile; fileRef = 7FE0215D28F61D1E001A6315 /* NetworkError.swift */; };
		7FE0216328F61D74001A6315 /* MockPeopleData.json in Resources */ = {isa = PBXBuildFile; fileRef = 7FE0216228F61D74001A6315 /* MockPeopleData.json */; };
		7FE0216528F61D83001A6315 /* MockRoomsData.json in Resources */ = {isa = PBXBuildFile; fileRef = 7FE0216428F61D83001A6315 /* MockRoomsData.json */; };
		7FE0216828F61DBD001A6315 /* MockPeopleSession.swift in Sources */ = {isa = PBXBuildFile; fileRef = 7FE0216728F61DBD001A6315 /* MockPeopleSession.swift */; };
		7FE0216A28F61E53001A6315 /* MockRoomsSession.swift in Sources */ = {isa = PBXBuildFile; fileRef = 7FE0216928F61E53001A6315 /* MockRoomsSession.swift */; };
		7FE0216C28F61ECF001A6315 /* ImageCacheTests.swift in Sources */ = {isa = PBXBuildFile; fileRef = 7FE0216B28F61ECF001A6315 /* ImageCacheTests.swift */; };
		7FE0216E28F61FB9001A6315 /* NetworkManagerPeopleTests.swift in Sources */ = {isa = PBXBuildFile; fileRef = 7FE0216D28F61FB9001A6315 /* NetworkManagerPeopleTests.swift */; };
		7FE0217028F62007001A6315 /* People.swift in Sources */ = {isa = PBXBuildFile; fileRef = 7FE0216F28F62007001A6315 /* People.swift */; };
		7FE0217228F6201C001A6315 /* Room.swift in Sources */ = {isa = PBXBuildFile; fileRef = 7FE0217128F6201C001A6315 /* Room.swift */; };
		7FE0217428F6276A001A6315 /* NetworkManagerRoomsTests.swift in Sources */ = {isa = PBXBuildFile; fileRef = 7FE0217328F6276A001A6315 /* NetworkManagerRoomsTests.swift */; };
		7FE0217828F62995001A6315 /* MainTabBarViewController.swift in Sources */ = {isa = PBXBuildFile; fileRef = 7FE0217728F62995001A6315 /* MainTabBarViewController.swift */; };
		7FE0217A28F629D7001A6315 /* PeopleViewController.swift in Sources */ = {isa = PBXBuildFile; fileRef = 7FE0217928F629D7001A6315 /* PeopleViewController.swift */; };
		7FE0217C28F629F4001A6315 /* RoomsViewController.swift in Sources */ = {isa = PBXBuildFile; fileRef = 7FE0217B28F629F4001A6315 /* RoomsViewController.swift */; };
		7FE0217E28F62A34001A6315 /* PeopleTableViewCell.swift in Sources */ = {isa = PBXBuildFile; fileRef = 7FE0217D28F62A34001A6315 /* PeopleTableViewCell.swift */; };
		7FE0218028F62A45001A6315 /* RoomTableViewCell.swift in Sources */ = {isa = PBXBuildFile; fileRef = 7FE0217F28F62A45001A6315 /* RoomTableViewCell.swift */; };
		7FE0218228F62A6F001A6315 /* PeopleDetailViewController.swift in Sources */ = {isa = PBXBuildFile; fileRef = 7FE0218128F62A6F001A6315 /* PeopleDetailViewController.swift */; };
		7FE0218428F62BF9001A6315 /* PeopleViewModel.swift in Sources */ = {isa = PBXBuildFile; fileRef = 7FE0218328F62BF9001A6315 /* PeopleViewModel.swift */; };
		7FE0218628F6333F001A6315 /* RoomsViewModel.swift in Sources */ = {isa = PBXBuildFile; fileRef = 7FE0218528F6333F001A6315 /* RoomsViewModel.swift */; };
		7FE0218D28F6E1AF001A6315 /* Language.swift in Sources */ = {isa = PBXBuildFile; fileRef = 7FE0218C28F6E1AF001A6315 /* Language.swift */; };
		7FE0219328F6E40A001A6315 /* GermanLocalizable.strings in Resources */ = {isa = PBXBuildFile; fileRef = 7FE0219528F6E40A001A6315 /* GermanLocalizable.strings */; };
/* End PBXBuildFile section */

/* Begin PBXContainerItemProxy section */
		7FE0213728F61C02001A6315 /* PBXContainerItemProxy */ = {
			isa = PBXContainerItemProxy;
			containerPortal = 7FE0211828F61C01001A6315 /* Project object */;
			proxyType = 1;
			remoteGlobalIDString = 7FE0211F28F61C01001A6315;
			remoteInfo = DirectoryAppWithMVVM;
		};
		7FE0214128F61C02001A6315 /* PBXContainerItemProxy */ = {
			isa = PBXContainerItemProxy;
			containerPortal = 7FE0211828F61C01001A6315 /* Project object */;
			proxyType = 1;
			remoteGlobalIDString = 7FE0211F28F61C01001A6315;
			remoteInfo = DirectoryAppWithMVVM;
		};
/* End PBXContainerItemProxy section */

/* Begin PBXFileReference section */
		7FE0212028F61C01001A6315 /* DirectoryAppWithMVVM.app */ = {isa = PBXFileReference; explicitFileType = wrapper.application; includeInIndex = 0; path = DirectoryAppWithMVVM.app; sourceTree = BUILT_PRODUCTS_DIR; };
		7FE0212328F61C01001A6315 /* AppDelegate.swift */ = {isa = PBXFileReference; lastKnownFileType = sourcecode.swift; path = AppDelegate.swift; sourceTree = "<group>"; };
		7FE0212528F61C01001A6315 /* SceneDelegate.swift */ = {isa = PBXFileReference; lastKnownFileType = sourcecode.swift; path = SceneDelegate.swift; sourceTree = "<group>"; };
		7FE0212A28F61C01001A6315 /* Base */ = {isa = PBXFileReference; lastKnownFileType = file.storyboard; name = Base; path = Base.lproj/Main.storyboard; sourceTree = "<group>"; };
		7FE0212C28F61C02001A6315 /* Assets.xcassets */ = {isa = PBXFileReference; lastKnownFileType = folder.assetcatalog; path = Assets.xcassets; sourceTree = "<group>"; };
		7FE0212F28F61C02001A6315 /* Base */ = {isa = PBXFileReference; lastKnownFileType = file.storyboard; name = Base; path = Base.lproj/LaunchScreen.storyboard; sourceTree = "<group>"; };
		7FE0213128F61C02001A6315 /* Info.plist */ = {isa = PBXFileReference; lastKnownFileType = text.plist.xml; path = Info.plist; sourceTree = "<group>"; };
		7FE0213628F61C02001A6315 /* DirectoryAppWithMVVMTests.xctest */ = {isa = PBXFileReference; explicitFileType = wrapper.cfbundle; includeInIndex = 0; path = DirectoryAppWithMVVMTests.xctest; sourceTree = BUILT_PRODUCTS_DIR; };
		7FE0213A28F61C02001A6315 /* DirectoryAppWithMVVMTests.swift */ = {isa = PBXFileReference; lastKnownFileType = sourcecode.swift; path = DirectoryAppWithMVVMTests.swift; sourceTree = "<group>"; };
		7FE0214028F61C02001A6315 /* DirectoryAppWithMVVMUITests.xctest */ = {isa = PBXFileReference; explicitFileType = wrapper.cfbundle; includeInIndex = 0; path = DirectoryAppWithMVVMUITests.xctest; sourceTree = BUILT_PRODUCTS_DIR; };
		7FE0214428F61C02001A6315 /* DirectoryAppWithMVVMUITests.swift */ = {isa = PBXFileReference; lastKnownFileType = sourcecode.swift; path = DirectoryAppWithMVVMUITests.swift; sourceTree = "<group>"; };
		7FE0214628F61C02001A6315 /* DirectoryAppWithMVVMUITestsLaunchTests.swift */ = {isa = PBXFileReference; lastKnownFileType = sourcecode.swift; path = DirectoryAppWithMVVMUITestsLaunchTests.swift; sourceTree = "<group>"; };
		7FE0215728F61CA8001A6315 /* NetworkManager.swift */ = {isa = PBXFileReference; lastKnownFileType = sourcecode.swift; path = NetworkManager.swift; sourceTree = "<group>"; };
		7FE0215928F61CED001A6315 /* ImageCache.swift */ = {isa = PBXFileReference; lastKnownFileType = sourcecode.swift; path = ImageCache.swift; sourceTree = "<group>"; };
		7FE0215B28F61D04001A6315 /* Session.swift */ = {isa = PBXFileReference; lastKnownFileType = sourcecode.swift; path = Session.swift; sourceTree = "<group>"; };
		7FE0215D28F61D1E001A6315 /* NetworkError.swift */ = {isa = PBXFileReference; lastKnownFileType = sourcecode.swift; path = NetworkError.swift; sourceTree = "<group>"; };
		7FE0216228F61D74001A6315 /* MockPeopleData.json */ = {isa = PBXFileReference; lastKnownFileType = text.json; path = MockPeopleData.json; sourceTree = "<group>"; };
		7FE0216428F61D83001A6315 /* MockRoomsData.json */ = {isa = PBXFileReference; lastKnownFileType = text.json; path = MockRoomsData.json; sourceTree = "<group>"; };
		7FE0216728F61DBD001A6315 /* MockPeopleSession.swift */ = {isa = PBXFileReference; lastKnownFileType = sourcecode.swift; path = MockPeopleSession.swift; sourceTree = "<group>"; };
		7FE0216928F61E53001A6315 /* MockRoomsSession.swift */ = {isa = PBXFileReference; lastKnownFileType = sourcecode.swift; path = MockRoomsSession.swift; sourceTree = "<group>"; };
		7FE0216B28F61ECF001A6315 /* ImageCacheTests.swift */ = {isa = PBXFileReference; lastKnownFileType = sourcecode.swift; path = ImageCacheTests.swift; sourceTree = "<group>"; };
		7FE0216D28F61FB9001A6315 /* NetworkManagerPeopleTests.swift */ = {isa = PBXFileReference; lastKnownFileType = sourcecode.swift; path = NetworkManagerPeopleTests.swift; sourceTree = "<group>"; };
		7FE0216F28F62007001A6315 /* People.swift */ = {isa = PBXFileReference; lastKnownFileType = sourcecode.swift; path = People.swift; sourceTree = "<group>"; };
		7FE0217128F6201C001A6315 /* Room.swift */ = {isa = PBXFileReference; lastKnownFileType = sourcecode.swift; path = Room.swift; sourceTree = "<group>"; };
		7FE0217328F6276A001A6315 /* NetworkManagerRoomsTests.swift */ = {isa = PBXFileReference; lastKnownFileType = sourcecode.swift; path = NetworkManagerRoomsTests.swift; sourceTree = "<group>"; };
		7FE0217728F62995001A6315 /* MainTabBarViewController.swift */ = {isa = PBXFileReference; lastKnownFileType = sourcecode.swift; path = MainTabBarViewController.swift; sourceTree = "<group>"; };
		7FE0217928F629D7001A6315 /* PeopleViewController.swift */ = {isa = PBXFileReference; lastKnownFileType = sourcecode.swift; path = PeopleViewController.swift; sourceTree = "<group>"; };
		7FE0217B28F629F4001A6315 /* RoomsViewController.swift */ = {isa = PBXFileReference; lastKnownFileType = sourcecode.swift; path = RoomsViewController.swift; sourceTree = "<group>"; };
		7FE0217D28F62A34001A6315 /* PeopleTableViewCell.swift */ = {isa = PBXFileReference; lastKnownFileType = sourcecode.swift; path = PeopleTableViewCell.swift; sourceTree = "<group>"; };
		7FE0217F28F62A45001A6315 /* RoomTableViewCell.swift */ = {isa = PBXFileReference; lastKnownFileType = sourcecode.swift; path = RoomTableViewCell.swift; sourceTree = "<group>"; };
		7FE0218128F62A6F001A6315 /* PeopleDetailViewController.swift */ = {isa = PBXFileReference; lastKnownFileType = sourcecode.swift; path = PeopleDetailViewController.swift; sourceTree = "<group>"; };
		7FE0218328F62BF9001A6315 /* PeopleViewModel.swift */ = {isa = PBXFileReference; lastKnownFileType = sourcecode.swift; path = PeopleViewModel.swift; sourceTree = "<group>"; };
		7FE0218528F6333F001A6315 /* RoomsViewModel.swift */ = {isa = PBXFileReference; lastKnownFileType = sourcecode.swift; path = RoomsViewModel.swift; sourceTree = "<group>"; };
		7FE0218C28F6E1AF001A6315 /* Language.swift */ = {isa = PBXFileReference; lastKnownFileType = sourcecode.swift; path = Language.swift; sourceTree = "<group>"; };
		7FE0218E28F6E371001A6315 /* de */ = {isa = PBXFileReference; lastKnownFileType = text.plist.strings; name = de; path = de.lproj/Main.strings; sourceTree = "<group>"; };
		7FE0219428F6E40A001A6315 /* en */ = {isa = PBXFileReference; lastKnownFileType = text.plist.strings; name = en; path = en.lproj/GermanLocalizable.strings; sourceTree = "<group>"; };
		7FE0219628F6E417001A6315 /* de */ = {isa = PBXFileReference; lastKnownFileType = text.plist.strings; name = de; path = de.lproj/GermanLocalizable.strings; sourceTree = "<group>"; };
/* End PBXFileReference section */

/* Begin PBXFrameworksBuildPhase section */
		7FE0211D28F61C01001A6315 /* Frameworks */ = {
			isa = PBXFrameworksBuildPhase;
			buildActionMask = 2147483647;
			files = (
			);
			runOnlyForDeploymentPostprocessing = 0;
		};
		7FE0213328F61C02001A6315 /* Frameworks */ = {
			isa = PBXFrameworksBuildPhase;
			buildActionMask = 2147483647;
			files = (
			);
			runOnlyForDeploymentPostprocessing = 0;
		};
		7FE0213D28F61C02001A6315 /* Frameworks */ = {
			isa = PBXFrameworksBuildPhase;
			buildActionMask = 2147483647;
			files = (
			);
			runOnlyForDeploymentPostprocessing = 0;
		};
/* End PBXFrameworksBuildPhase section */

/* Begin PBXGroup section */
		7FE0211728F61C01001A6315 = {
			isa = PBXGroup;
			children = (
				7FE0212228F61C01001A6315 /* DirectoryAppWithMVVM */,
				7FE0213928F61C02001A6315 /* DirectoryAppWithMVVMTests */,
				7FE0214328F61C02001A6315 /* DirectoryAppWithMVVMUITests */,
				7FE0212128F61C01001A6315 /* Products */,
			);
			sourceTree = "<group>";
		};
		7FE0212128F61C01001A6315 /* Products */ = {
			isa = PBXGroup;
			children = (
				7FE0212028F61C01001A6315 /* DirectoryAppWithMVVM.app */,
				7FE0213628F61C02001A6315 /* DirectoryAppWithMVVMTests.xctest */,
				7FE0214028F61C02001A6315 /* DirectoryAppWithMVVMUITests.xctest */,
			);
			name = Products;
			sourceTree = "<group>";
		};
		7FE0212228F61C01001A6315 /* DirectoryAppWithMVVM */ = {
			isa = PBXGroup;
			children = (
				7FE0219028F6E3A7001A6315 /* Localization */,
				7FE0218B28F6E19C001A6315 /* Extensions */,
				7FE0215328F61C2C001A6315 /* Service */,
				7FE0215528F61C37001A6315 /* View */,
				7FE0215628F61C70001A6315 /* ViewModel */,
				7FE0215428F61C32001A6315 /* Model */,
				7FE0212328F61C01001A6315 /* AppDelegate.swift */,
				7FE0212528F61C01001A6315 /* SceneDelegate.swift */,
				7FE0212928F61C01001A6315 /* Main.storyboard */,
				7FE0212C28F61C02001A6315 /* Assets.xcassets */,
				7FE0212E28F61C02001A6315 /* LaunchScreen.storyboard */,
				7FE0213128F61C02001A6315 /* Info.plist */,
			);
			path = DirectoryAppWithMVVM;
			sourceTree = "<group>";
		};
		7FE0213928F61C02001A6315 /* DirectoryAppWithMVVMTests */ = {
			isa = PBXGroup;
			children = (
				7FE0216628F61DA9001A6315 /* MockServices */,
				7FE0215F28F61D4A001A6315 /* MockData */,
				7FE0213A28F61C02001A6315 /* DirectoryAppWithMVVMTests.swift */,
				7FE0216B28F61ECF001A6315 /* ImageCacheTests.swift */,
				7FE0216D28F61FB9001A6315 /* NetworkManagerPeopleTests.swift */,
				7FE0217328F6276A001A6315 /* NetworkManagerRoomsTests.swift */,
			);
			path = DirectoryAppWithMVVMTests;
			sourceTree = "<group>";
		};
		7FE0214328F61C02001A6315 /* DirectoryAppWithMVVMUITests */ = {
			isa = PBXGroup;
			children = (
				7FE0214428F61C02001A6315 /* DirectoryAppWithMVVMUITests.swift */,
				7FE0214628F61C02001A6315 /* DirectoryAppWithMVVMUITestsLaunchTests.swift */,
			);
			path = DirectoryAppWithMVVMUITests;
			sourceTree = "<group>";
		};
		7FE0215328F61C2C001A6315 /* Service */ = {
			isa = PBXGroup;
			children = (
				7FE0215728F61CA8001A6315 /* NetworkManager.swift */,
				7FE0215928F61CED001A6315 /* ImageCache.swift */,
				7FE0215B28F61D04001A6315 /* Session.swift */,
				7FE0215D28F61D1E001A6315 /* NetworkError.swift */,
			);
			path = Service;
			sourceTree = "<group>";
		};
		7FE0215428F61C32001A6315 /* Model */ = {
			isa = PBXGroup;
			children = (
				7FE0216F28F62007001A6315 /* People.swift */,
				7FE0217128F6201C001A6315 /* Room.swift */,
			);
			path = Model;
			sourceTree = "<group>";
		};
		7FE0215528F61C37001A6315 /* View */ = {
			isa = PBXGroup;
			children = (
				7FE0217628F6295C001A6315 /* Cells */,
				7FE0217728F62995001A6315 /* MainTabBarViewController.swift */,
				7FE0217928F629D7001A6315 /* PeopleViewController.swift */,
				7FE0217B28F629F4001A6315 /* RoomsViewController.swift */,
				7FE0218128F62A6F001A6315 /* PeopleDetailViewController.swift */,
			);
			path = View;
			sourceTree = "<group>";
		};
		7FE0215628F61C70001A6315 /* ViewModel */ = {
			isa = PBXGroup;
			children = (
				7FE0218328F62BF9001A6315 /* PeopleViewModel.swift */,
				7FE0218528F6333F001A6315 /* RoomsViewModel.swift */,
			);
			path = ViewModel;
			sourceTree = "<group>";
		};
		7FE0215F28F61D4A001A6315 /* MockData */ = {
			isa = PBXGroup;
			children = (
				7FE0216228F61D74001A6315 /* MockPeopleData.json */,
				7FE0216428F61D83001A6315 /* MockRoomsData.json */,
			);
			path = MockData;
			sourceTree = "<group>";
		};
		7FE0216628F61DA9001A6315 /* MockServices */ = {
			isa = PBXGroup;
			children = (
				7FE0216728F61DBD001A6315 /* MockPeopleSession.swift */,
				7FE0216928F61E53001A6315 /* MockRoomsSession.swift */,
			);
			path = MockServices;
			sourceTree = "<group>";
		};
		7FE0217628F6295C001A6315 /* Cells */ = {
			isa = PBXGroup;
			children = (
				7FE0217D28F62A34001A6315 /* PeopleTableViewCell.swift */,
				7FE0217F28F62A45001A6315 /* RoomTableViewCell.swift */,
			);
			path = Cells;
			sourceTree = "<group>";
		};
		7FE0218B28F6E19C001A6315 /* Extensions */ = {
			isa = PBXGroup;
			children = (
				7FE0218C28F6E1AF001A6315 /* Language.swift */,
			);
			path = Extensions;
			sourceTree = "<group>";
		};
		7FE0219028F6E3A7001A6315 /* Localization */ = {
			isa = PBXGroup;
			children = (
				7FE0219528F6E40A001A6315 /* GermanLocalizable.strings */,
			);
			path = Localization;
			sourceTree = "<group>";
		};
/* End PBXGroup section */

/* Begin PBXNativeTarget section */
		7FE0211F28F61C01001A6315 /* DirectoryAppWithMVVM */ = {
			isa = PBXNativeTarget;
			buildConfigurationList = 7FE0214A28F61C02001A6315 /* Build configuration list for PBXNativeTarget "DirectoryAppWithMVVM" */;
			buildPhases = (
				7FE0218A28F6C3C4001A6315 /* Run SwiftLint */,
				7FE0211C28F61C01001A6315 /* Sources */,
				7FE0211D28F61C01001A6315 /* Frameworks */,
				7FE0211E28F61C01001A6315 /* Resources */,
			);
			buildRules = (
			);
			dependencies = (
			);
			name = DirectoryAppWithMVVM;
			productName = DirectoryAppWithMVVM;
			productReference = 7FE0212028F61C01001A6315 /* DirectoryAppWithMVVM.app */;
			productType = "com.apple.product-type.application";
		};
		7FE0213528F61C02001A6315 /* DirectoryAppWithMVVMTests */ = {
			isa = PBXNativeTarget;
			buildConfigurationList = 7FE0214D28F61C02001A6315 /* Build configuration list for PBXNativeTarget "DirectoryAppWithMVVMTests" */;
			buildPhases = (
				7FE0213228F61C02001A6315 /* Sources */,
				7FE0213328F61C02001A6315 /* Frameworks */,
				7FE0213428F61C02001A6315 /* Resources */,
			);
			buildRules = (
			);
			dependencies = (
				7FE0213828F61C02001A6315 /* PBXTargetDependency */,
			);
			name = DirectoryAppWithMVVMTests;
			productName = DirectoryAppWithMVVMTests;
			productReference = 7FE0213628F61C02001A6315 /* DirectoryAppWithMVVMTests.xctest */;
			productType = "com.apple.product-type.bundle.unit-test";
		};
		7FE0213F28F61C02001A6315 /* DirectoryAppWithMVVMUITests */ = {
			isa = PBXNativeTarget;
			buildConfigurationList = 7FE0215028F61C02001A6315 /* Build configuration list for PBXNativeTarget "DirectoryAppWithMVVMUITests" */;
			buildPhases = (
				7FE0213C28F61C02001A6315 /* Sources */,
				7FE0213D28F61C02001A6315 /* Frameworks */,
				7FE0213E28F61C02001A6315 /* Resources */,
			);
			buildRules = (
			);
			dependencies = (
				7FE0214228F61C02001A6315 /* PBXTargetDependency */,
			);
			name = DirectoryAppWithMVVMUITests;
			productName = DirectoryAppWithMVVMUITests;
			productReference = 7FE0214028F61C02001A6315 /* DirectoryAppWithMVVMUITests.xctest */;
			productType = "com.apple.product-type.bundle.ui-testing";
		};
/* End PBXNativeTarget section */

/* Begin PBXProject section */
		7FE0211828F61C01001A6315 /* Project object */ = {
			isa = PBXProject;
			attributes = {
				BuildIndependentTargetsInParallel = 1;
				LastSwiftUpdateCheck = 1400;
				LastUpgradeCheck = 1400;
				TargetAttributes = {
					7FE0211F28F61C01001A6315 = {
						CreatedOnToolsVersion = 14.0.1;
					};
					7FE0213528F61C02001A6315 = {
						CreatedOnToolsVersion = 14.0.1;
						TestTargetID = 7FE0211F28F61C01001A6315;
					};
					7FE0213F28F61C02001A6315 = {
						CreatedOnToolsVersion = 14.0.1;
						TestTargetID = 7FE0211F28F61C01001A6315;
					};
				};
			};
			buildConfigurationList = 7FE0211B28F61C01001A6315 /* Build configuration list for PBXProject "DirectoryAppWithMVVM" */;
			compatibilityVersion = "Xcode 14.0";
			developmentRegion = en;
			hasScannedForEncodings = 0;
			knownRegions = (
				en,
				Base,
				de,
			);
			mainGroup = 7FE0211728F61C01001A6315;
			productRefGroup = 7FE0212128F61C01001A6315 /* Products */;
			projectDirPath = "";
			projectRoot = "";
			targets = (
				7FE0211F28F61C01001A6315 /* DirectoryAppWithMVVM */,
				7FE0213528F61C02001A6315 /* DirectoryAppWithMVVMTests */,
				7FE0213F28F61C02001A6315 /* DirectoryAppWithMVVMUITests */,
			);
		};
/* End PBXProject section */

/* Begin PBXResourcesBuildPhase section */
		7FE0211E28F61C01001A6315 /* Resources */ = {
			isa = PBXResourcesBuildPhase;
			buildActionMask = 2147483647;
			files = (
				7FE0213028F61C02001A6315 /* LaunchScreen.storyboard in Resources */,
				7FE0219328F6E40A001A6315 /* GermanLocalizable.strings in Resources */,
				7FE0212D28F61C02001A6315 /* Assets.xcassets in Resources */,
				7FE0212B28F61C01001A6315 /* Main.storyboard in Resources */,
			);
			runOnlyForDeploymentPostprocessing = 0;
		};
		7FE0213428F61C02001A6315 /* Resources */ = {
			isa = PBXResourcesBuildPhase;
			buildActionMask = 2147483647;
			files = (
				7FE0216528F61D83001A6315 /* MockRoomsData.json in Resources */,
				7FE0216328F61D74001A6315 /* MockPeopleData.json in Resources */,
			);
			runOnlyForDeploymentPostprocessing = 0;
		};
		7FE0213E28F61C02001A6315 /* Resources */ = {
			isa = PBXResourcesBuildPhase;
			buildActionMask = 2147483647;
			files = (
			);
			runOnlyForDeploymentPostprocessing = 0;
		};
/* End PBXResourcesBuildPhase section */

/* Begin PBXShellScriptBuildPhase section */
		7FE0218A28F6C3C4001A6315 /* Run SwiftLint */ = {
			isa = PBXShellScriptBuildPhase;
			buildActionMask = 2147483647;
			files = (
			);
			inputFileListPaths = (
			);
			inputPaths = (
			);
			name = "Run SwiftLint";
			outputFileListPaths = (
			);
			outputPaths = (
			);
			runOnlyForDeploymentPostprocessing = 0;
			shellPath = /bin/sh;
			shellScript = "if which swiftlint >/dev/null; then\n    swiftlint\nelse\n    echo \"warning: SwiftLint not installed, download from https://github.com/realm/SwiftLint\"\nfi\n";
		};
/* End PBXShellScriptBuildPhase section */

/* Begin PBXSourcesBuildPhase section */
		7FE0211C28F61C01001A6315 /* Sources */ = {
			isa = PBXSourcesBuildPhase;
			buildActionMask = 2147483647;
			files = (
				7FE0215A28F61CED001A6315 /* ImageCache.swift in Sources */,
				7FE0218D28F6E1AF001A6315 /* Language.swift in Sources */,
				7FE0215E28F61D1E001A6315 /* NetworkError.swift in Sources */,
				7FE0215828F61CA8001A6315 /* NetworkManager.swift in Sources */,
				7FE0217A28F629D7001A6315 /* PeopleViewController.swift in Sources */,
				7FE0215C28F61D04001A6315 /* Session.swift in Sources */,
				7FE0217028F62007001A6315 /* People.swift in Sources */,
				7FE0217828F62995001A6315 /* MainTabBarViewController.swift in Sources */,
				7FE0218228F62A6F001A6315 /* PeopleDetailViewController.swift in Sources */,
				7FE0217C28F629F4001A6315 /* RoomsViewController.swift in Sources */,
				7FE0217E28F62A34001A6315 /* PeopleTableViewCell.swift in Sources */,
				7FE0217228F6201C001A6315 /* Room.swift in Sources */,
				7FE0218628F6333F001A6315 /* RoomsViewModel.swift in Sources */,
				7FE0218028F62A45001A6315 /* RoomTableViewCell.swift in Sources */,
				7FE0212428F61C01001A6315 /* AppDelegate.swift in Sources */,
				7FE0218428F62BF9001A6315 /* PeopleViewModel.swift in Sources */,
				7FE0212628F61C01001A6315 /* SceneDelegate.swift in Sources */,
			);
			runOnlyForDeploymentPostprocessing = 0;
		};
		7FE0213228F61C02001A6315 /* Sources */ = {
			isa = PBXSourcesBuildPhase;
			buildActionMask = 2147483647;
			files = (
				7FE0216E28F61FB9001A6315 /* NetworkManagerPeopleTests.swift in Sources */,
				7FE0216828F61DBD001A6315 /* MockPeopleSession.swift in Sources */,
				7FE0213B28F61C02001A6315 /* DirectoryAppWithMVVMTests.swift in Sources */,
				7FE0216C28F61ECF001A6315 /* ImageCacheTests.swift in Sources */,
				7FE0216A28F61E53001A6315 /* MockRoomsSession.swift in Sources */,
				7FE0217428F6276A001A6315 /* NetworkManagerRoomsTests.swift in Sources */,
			);
			runOnlyForDeploymentPostprocessing = 0;
		};
		7FE0213C28F61C02001A6315 /* Sources */ = {
			isa = PBXSourcesBuildPhase;
			buildActionMask = 2147483647;
			files = (
				7FE0214728F61C02001A6315 /* DirectoryAppWithMVVMUITestsLaunchTests.swift in Sources */,
				7FE0214528F61C02001A6315 /* DirectoryAppWithMVVMUITests.swift in Sources */,
			);
			runOnlyForDeploymentPostprocessing = 0;
		};
/* End PBXSourcesBuildPhase section */

/* Begin PBXTargetDependency section */
		7FE0213828F61C02001A6315 /* PBXTargetDependency */ = {
			isa = PBXTargetDependency;
			target = 7FE0211F28F61C01001A6315 /* DirectoryAppWithMVVM */;
			targetProxy = 7FE0213728F61C02001A6315 /* PBXContainerItemProxy */;
		};
		7FE0214228F61C02001A6315 /* PBXTargetDependency */ = {
			isa = PBXTargetDependency;
			target = 7FE0211F28F61C01001A6315 /* DirectoryAppWithMVVM */;
			targetProxy = 7FE0214128F61C02001A6315 /* PBXContainerItemProxy */;
		};
/* End PBXTargetDependency section */

/* Begin PBXVariantGroup section */
		7FE0212928F61C01001A6315 /* Main.storyboard */ = {
			isa = PBXVariantGroup;
			children = (
				7FE0212A28F61C01001A6315 /* Base */,
				7FE0218E28F6E371001A6315 /* de */,
			);
			name = Main.storyboard;
			sourceTree = "<group>";
		};
		7FE0212E28F61C02001A6315 /* LaunchScreen.storyboard */ = {
			isa = PBXVariantGroup;
			children = (
				7FE0212F28F61C02001A6315 /* Base */,
			);
			name = LaunchScreen.storyboard;
			sourceTree = "<group>";
		};
		7FE0219528F6E40A001A6315 /* GermanLocalizable.strings */ = {
			isa = PBXVariantGroup;
			children = (
				7FE0219428F6E40A001A6315 /* en */,
				7FE0219628F6E417001A6315 /* de */,
			);
			name = GermanLocalizable.strings;
			sourceTree = "<group>";
		};
/* End PBXVariantGroup section */

/* Begin XCBuildConfiguration section */
		7FE0214828F61C02001A6315 /* Debug */ = {
			isa = XCBuildConfiguration;
			buildSettings = {
				ALWAYS_SEARCH_USER_PATHS = NO;
				CLANG_ANALYZER_LOCALIZABILITY_NONLOCALIZED = YES;
				CLANG_ANALYZER_NONNULL = YES;
				CLANG_ANALYZER_NUMBER_OBJECT_CONVERSION = YES_AGGRESSIVE;
				CLANG_CXX_LANGUAGE_STANDARD = "gnu++20";
				CLANG_ENABLE_MODULES = YES;
				CLANG_ENABLE_OBJC_ARC = YES;
				CLANG_ENABLE_OBJC_WEAK = YES;
				CLANG_WARN_BLOCK_CAPTURE_AUTORELEASING = YES;
				CLANG_WARN_BOOL_CONVERSION = YES;
				CLANG_WARN_COMMA = YES;
				CLANG_WARN_CONSTANT_CONVERSION = YES;
				CLANG_WARN_DEPRECATED_OBJC_IMPLEMENTATIONS = YES;
				CLANG_WARN_DIRECT_OBJC_ISA_USAGE = YES_ERROR;
				CLANG_WARN_DOCUMENTATION_COMMENTS = YES;
				CLANG_WARN_EMPTY_BODY = YES;
				CLANG_WARN_ENUM_CONVERSION = YES;
				CLANG_WARN_INFINITE_RECURSION = YES;
				CLANG_WARN_INT_CONVERSION = YES;
				CLANG_WARN_NON_LITERAL_NULL_CONVERSION = YES;
				CLANG_WARN_OBJC_IMPLICIT_RETAIN_SELF = YES;
				CLANG_WARN_OBJC_LITERAL_CONVERSION = YES;
				CLANG_WARN_OBJC_ROOT_CLASS = YES_ERROR;
				CLANG_WARN_QUOTED_INCLUDE_IN_FRAMEWORK_HEADER = YES;
				CLANG_WARN_RANGE_LOOP_ANALYSIS = YES;
				CLANG_WARN_STRICT_PROTOTYPES = YES;
				CLANG_WARN_SUSPICIOUS_MOVE = YES;
				CLANG_WARN_UNGUARDED_AVAILABILITY = YES_AGGRESSIVE;
				CLANG_WARN_UNREACHABLE_CODE = YES;
				CLANG_WARN__DUPLICATE_METHOD_MATCH = YES;
				COPY_PHASE_STRIP = NO;
				DEBUG_INFORMATION_FORMAT = dwarf;
				ENABLE_STRICT_OBJC_MSGSEND = YES;
				ENABLE_TESTABILITY = YES;
				GCC_C_LANGUAGE_STANDARD = gnu11;
				GCC_DYNAMIC_NO_PIC = NO;
				GCC_NO_COMMON_BLOCKS = YES;
				GCC_OPTIMIZATION_LEVEL = 0;
				GCC_PREPROCESSOR_DEFINITIONS = (
					"DEBUG=1",
					"$(inherited)",
				);
				GCC_WARN_64_TO_32_BIT_CONVERSION = YES;
				GCC_WARN_ABOUT_RETURN_TYPE = YES_ERROR;
				GCC_WARN_UNDECLARED_SELECTOR = YES;
				GCC_WARN_UNINITIALIZED_AUTOS = YES_AGGRESSIVE;
				GCC_WARN_UNUSED_FUNCTION = YES;
				GCC_WARN_UNUSED_VARIABLE = YES;
				IPHONEOS_DEPLOYMENT_TARGET = 16.0;
				MTL_ENABLE_DEBUG_INFO = INCLUDE_SOURCE;
				MTL_FAST_MATH = YES;
				ONLY_ACTIVE_ARCH = YES;
				SDKROOT = iphoneos;
				SWIFT_ACTIVE_COMPILATION_CONDITIONS = DEBUG;
				SWIFT_OPTIMIZATION_LEVEL = "-Onone";
			};
			name = Debug;
		};
		7FE0214928F61C02001A6315 /* Release */ = {
			isa = XCBuildConfiguration;
			buildSettings = {
				ALWAYS_SEARCH_USER_PATHS = NO;
				CLANG_ANALYZER_LOCALIZABILITY_NONLOCALIZED = YES;
				CLANG_ANALYZER_NONNULL = YES;
				CLANG_ANALYZER_NUMBER_OBJECT_CONVERSION = YES_AGGRESSIVE;
				CLANG_CXX_LANGUAGE_STANDARD = "gnu++20";
				CLANG_ENABLE_MODULES = YES;
				CLANG_ENABLE_OBJC_ARC = YES;
				CLANG_ENABLE_OBJC_WEAK = YES;
				CLANG_WARN_BLOCK_CAPTURE_AUTORELEASING = YES;
				CLANG_WARN_BOOL_CONVERSION = YES;
				CLANG_WARN_COMMA = YES;
				CLANG_WARN_CONSTANT_CONVERSION = YES;
				CLANG_WARN_DEPRECATED_OBJC_IMPLEMENTATIONS = YES;
				CLANG_WARN_DIRECT_OBJC_ISA_USAGE = YES_ERROR;
				CLANG_WARN_DOCUMENTATION_COMMENTS = YES;
				CLANG_WARN_EMPTY_BODY = YES;
				CLANG_WARN_ENUM_CONVERSION = YES;
				CLANG_WARN_INFINITE_RECURSION = YES;
				CLANG_WARN_INT_CONVERSION = YES;
				CLANG_WARN_NON_LITERAL_NULL_CONVERSION = YES;
				CLANG_WARN_OBJC_IMPLICIT_RETAIN_SELF = YES;
				CLANG_WARN_OBJC_LITERAL_CONVERSION = YES;
				CLANG_WARN_OBJC_ROOT_CLASS = YES_ERROR;
				CLANG_WARN_QUOTED_INCLUDE_IN_FRAMEWORK_HEADER = YES;
				CLANG_WARN_RANGE_LOOP_ANALYSIS = YES;
				CLANG_WARN_STRICT_PROTOTYPES = YES;
				CLANG_WARN_SUSPICIOUS_MOVE = YES;
				CLANG_WARN_UNGUARDED_AVAILABILITY = YES_AGGRESSIVE;
				CLANG_WARN_UNREACHABLE_CODE = YES;
				CLANG_WARN__DUPLICATE_METHOD_MATCH = YES;
				COPY_PHASE_STRIP = NO;
				DEBUG_INFORMATION_FORMAT = "dwarf-with-dsym";
				ENABLE_NS_ASSERTIONS = NO;
				ENABLE_STRICT_OBJC_MSGSEND = YES;
				GCC_C_LANGUAGE_STANDARD = gnu11;
				GCC_NO_COMMON_BLOCKS = YES;
				GCC_WARN_64_TO_32_BIT_CONVERSION = YES;
				GCC_WARN_ABOUT_RETURN_TYPE = YES_ERROR;
				GCC_WARN_UNDECLARED_SELECTOR = YES;
				GCC_WARN_UNINITIALIZED_AUTOS = YES_AGGRESSIVE;
				GCC_WARN_UNUSED_FUNCTION = YES;
				GCC_WARN_UNUSED_VARIABLE = YES;
				IPHONEOS_DEPLOYMENT_TARGET = 16.0;
				MTL_ENABLE_DEBUG_INFO = NO;
				MTL_FAST_MATH = YES;
				SDKROOT = iphoneos;
				SWIFT_COMPILATION_MODE = wholemodule;
				SWIFT_OPTIMIZATION_LEVEL = "-O";
				VALIDATE_PRODUCT = YES;
			};
			name = Release;
		};
		7FE0214B28F61C02001A6315 /* Debug */ = {
			isa = XCBuildConfiguration;
			buildSettings = {
				ASSETCATALOG_COMPILER_APPICON_NAME = AppIcon;
				ASSETCATALOG_COMPILER_GLOBAL_ACCENT_COLOR_NAME = AccentColor;
				CODE_SIGN_STYLE = Automatic;
				CURRENT_PROJECT_VERSION = 1;
				DEVELOPMENT_TEAM = P44D949A2Q;
				GENERATE_INFOPLIST_FILE = YES;
				INFOPLIST_FILE = DirectoryAppWithMVVM/Info.plist;
				INFOPLIST_KEY_UIApplicationSupportsIndirectInputEvents = YES;
				INFOPLIST_KEY_UILaunchStoryboardName = LaunchScreen;
				INFOPLIST_KEY_UIMainStoryboardFile = Main;
				INFOPLIST_KEY_UISupportedInterfaceOrientations_iPad = "UIInterfaceOrientationPortrait UIInterfaceOrientationPortraitUpsideDown UIInterfaceOrientationLandscapeLeft UIInterfaceOrientationLandscapeRight";
				INFOPLIST_KEY_UISupportedInterfaceOrientations_iPhone = "UIInterfaceOrientationPortrait UIInterfaceOrientationLandscapeLeft UIInterfaceOrientationLandscapeRight";
				LD_RUNPATH_SEARCH_PATHS = (
					"$(inherited)",
					"@executable_path/Frameworks",
				);
				MARKETING_VERSION = 1.0;
				PRODUCT_BUNDLE_IDENTIFIER = co.directoryappmvvm.DirectoryAppWithMVVM;
				PRODUCT_NAME = "$(TARGET_NAME)";
				SWIFT_EMIT_LOC_STRINGS = YES;
				SWIFT_VERSION = 5.0;
				TARGETED_DEVICE_FAMILY = "1,2";
			};
			name = Debug;
		};
		7FE0214C28F61C02001A6315 /* Release */ = {
			isa = XCBuildConfiguration;
			buildSettings = {
				ASSETCATALOG_COMPILER_APPICON_NAME = AppIcon;
				ASSETCATALOG_COMPILER_GLOBAL_ACCENT_COLOR_NAME = AccentColor;
				CODE_SIGN_STYLE = Automatic;
				CURRENT_PROJECT_VERSION = 1;
				DEVELOPMENT_TEAM = P44D949A2Q;
				GENERATE_INFOPLIST_FILE = YES;
				INFOPLIST_FILE = DirectoryAppWithMVVM/Info.plist;
				INFOPLIST_KEY_UIApplicationSupportsIndirectInputEvents = YES;
				INFOPLIST_KEY_UILaunchStoryboardName = LaunchScreen;
				INFOPLIST_KEY_UIMainStoryboardFile = Main;
				INFOPLIST_KEY_UISupportedInterfaceOrientations_iPad = "UIInterfaceOrientationPortrait UIInterfaceOrientationPortraitUpsideDown UIInterfaceOrientationLandscapeLeft UIInterfaceOrientationLandscapeRight";
				INFOPLIST_KEY_UISupportedInterfaceOrientations_iPhone = "UIInterfaceOrientationPortrait UIInterfaceOrientationLandscapeLeft UIInterfaceOrientationLandscapeRight";
				LD_RUNPATH_SEARCH_PATHS = (
					"$(inherited)",
					"@executable_path/Frameworks",
				);
				MARKETING_VERSION = 1.0;
				PRODUCT_BUNDLE_IDENTIFIER = co.directoryappmvvm.DirectoryAppWithMVVM;
				PRODUCT_NAME = "$(TARGET_NAME)";
				SWIFT_EMIT_LOC_STRINGS = YES;
				SWIFT_VERSION = 5.0;
				TARGETED_DEVICE_FAMILY = "1,2";
			};
			name = Release;
		};
		7FE0214E28F61C02001A6315 /* Debug */ = {
			isa = XCBuildConfiguration;
			buildSettings = {
				ALWAYS_EMBED_SWIFT_STANDARD_LIBRARIES = YES;
				BUNDLE_LOADER = "$(TEST_HOST)";
				CODE_SIGN_STYLE = Automatic;
				CURRENT_PROJECT_VERSION = 1;
				DEVELOPMENT_TEAM = P44D949A2Q;
				GENERATE_INFOPLIST_FILE = YES;
				IPHONEOS_DEPLOYMENT_TARGET = 16.0;
				MARKETING_VERSION = 1.0;
				PRODUCT_BUNDLE_IDENTIFIER = co.directoryappmvvm.DirectoryAppWithMVVMTests;
				PRODUCT_NAME = "$(TARGET_NAME)";
				SWIFT_EMIT_LOC_STRINGS = NO;
				SWIFT_VERSION = 5.0;
				TARGETED_DEVICE_FAMILY = "1,2";
				TEST_HOST = "$(BUILT_PRODUCTS_DIR)/DirectoryAppWithMVVM.app/$(BUNDLE_EXECUTABLE_FOLDER_PATH)/DirectoryAppWithMVVM";
			};
			name = Debug;
		};
		7FE0214F28F61C02001A6315 /* Release */ = {
			isa = XCBuildConfiguration;
			buildSettings = {
				ALWAYS_EMBED_SWIFT_STANDARD_LIBRARIES = YES;
				BUNDLE_LOADER = "$(TEST_HOST)";
				CODE_SIGN_STYLE = Automatic;
				CURRENT_PROJECT_VERSION = 1;
				DEVELOPMENT_TEAM = P44D949A2Q;
				GENERATE_INFOPLIST_FILE = YES;
				IPHONEOS_DEPLOYMENT_TARGET = 16.0;
				MARKETING_VERSION = 1.0;
				PRODUCT_BUNDLE_IDENTIFIER = co.directoryappmvvm.DirectoryAppWithMVVMTests;
				PRODUCT_NAME = "$(TARGET_NAME)";
				SWIFT_EMIT_LOC_STRINGS = NO;
				SWIFT_VERSION = 5.0;
				TARGETED_DEVICE_FAMILY = "1,2";
				TEST_HOST = "$(BUILT_PRODUCTS_DIR)/DirectoryAppWithMVVM.app/$(BUNDLE_EXECUTABLE_FOLDER_PATH)/DirectoryAppWithMVVM";
			};
			name = Release;
		};
		7FE0215128F61C02001A6315 /* Debug */ = {
			isa = XCBuildConfiguration;
			buildSettings = {
				ALWAYS_EMBED_SWIFT_STANDARD_LIBRARIES = YES;
				CODE_SIGN_STYLE = Automatic;
				CURRENT_PROJECT_VERSION = 1;
				DEVELOPMENT_TEAM = P44D949A2Q;
				GENERATE_INFOPLIST_FILE = YES;
				MARKETING_VERSION = 1.0;
				PRODUCT_BUNDLE_IDENTIFIER = co.directoryappmvvm.DirectoryAppWithMVVMUITests;
				PRODUCT_NAME = "$(TARGET_NAME)";
				SWIFT_EMIT_LOC_STRINGS = NO;
				SWIFT_VERSION = 5.0;
				TARGETED_DEVICE_FAMILY = "1,2";
				TEST_TARGET_NAME = DirectoryAppWithMVVM;
			};
			name = Debug;
		};
		7FE0215228F61C02001A6315 /* Release */ = {
			isa = XCBuildConfiguration;
			buildSettings = {
				ALWAYS_EMBED_SWIFT_STANDARD_LIBRARIES = YES;
				CODE_SIGN_STYLE = Automatic;
				CURRENT_PROJECT_VERSION = 1;
				DEVELOPMENT_TEAM = P44D949A2Q;
				GENERATE_INFOPLIST_FILE = YES;
				MARKETING_VERSION = 1.0;
				PRODUCT_BUNDLE_IDENTIFIER = co.directoryappmvvm.DirectoryAppWithMVVMUITests;
				PRODUCT_NAME = "$(TARGET_NAME)";
				SWIFT_EMIT_LOC_STRINGS = NO;
				SWIFT_VERSION = 5.0;
				TARGETED_DEVICE_FAMILY = "1,2";
				TEST_TARGET_NAME = DirectoryAppWithMVVM;
			};
			name = Release;
		};
/* End XCBuildConfiguration section */

/* Begin XCConfigurationList section */
		7FE0211B28F61C01001A6315 /* Build configuration list for PBXProject "DirectoryAppWithMVVM" */ = {
			isa = XCConfigurationList;
			buildConfigurations = (
				7FE0214828F61C02001A6315 /* Debug */,
				7FE0214928F61C02001A6315 /* Release */,
			);
			defaultConfigurationIsVisible = 0;
			defaultConfigurationName = Release;
		};
		7FE0214A28F61C02001A6315 /* Build configuration list for PBXNativeTarget "DirectoryAppWithMVVM" */ = {
			isa = XCConfigurationList;
			buildConfigurations = (
				7FE0214B28F61C02001A6315 /* Debug */,
				7FE0214C28F61C02001A6315 /* Release */,
			);
			defaultConfigurationIsVisible = 0;
			defaultConfigurationName = Release;
		};
		7FE0214D28F61C02001A6315 /* Build configuration list for PBXNativeTarget "DirectoryAppWithMVVMTests" */ = {
			isa = XCConfigurationList;
			buildConfigurations = (
				7FE0214E28F61C02001A6315 /* Debug */,
				7FE0214F28F61C02001A6315 /* Release */,
			);
			defaultConfigurationIsVisible = 0;
			defaultConfigurationName = Release;
		};
		7FE0215028F61C02001A6315 /* Build configuration list for PBXNativeTarget "DirectoryAppWithMVVMUITests" */ = {
			isa = XCConfigurationList;
			buildConfigurations = (
				7FE0215128F61C02001A6315 /* Debug */,
				7FE0215228F61C02001A6315 /* Release */,
			);
			defaultConfigurationIsVisible = 0;
			defaultConfigurationName = Release;
		};
/* End XCConfigurationList section */
	};
	rootObject = 7FE0211828F61C01001A6315 /* Project object */;
}
